// !$*UTF8*$!
{
	archiveVersion = 1;
	classes = {
	};
	objectVersion = 55;
	objects = {

/* Begin PBXBuildFile section */
		30AC3FA129248371005853A8 /* AppDelegate.swift in Sources */ = {isa = PBXBuildFile; fileRef = 30AC3FA029248371005853A8 /* AppDelegate.swift */; };
		30AC3FA329248371005853A8 /* SceneDelegate.swift in Sources */ = {isa = PBXBuildFile; fileRef = 30AC3FA229248371005853A8 /* SceneDelegate.swift */; };
		30AC3FA529248371005853A8 /* ViewController.swift in Sources */ = {isa = PBXBuildFile; fileRef = 30AC3FA429248371005853A8 /* ViewController.swift */; };
		30AC3FAB29248371005853A8 /* JaeHunApp.xcdatamodeld in Sources */ = {isa = PBXBuildFile; fileRef = 30AC3FA929248371005853A8 /* JaeHunApp.xcdatamodeld */; };
		30AC3FAD29248372005853A8 /* Assets.xcassets in Resources */ = {isa = PBXBuildFile; fileRef = 30AC3FAC29248372005853A8 /* Assets.xcassets */; };
		30AC3FB029248372005853A8 /* LaunchScreen.storyboard in Resources */ = {isa = PBXBuildFile; fileRef = 30AC3FAE29248372005853A8 /* LaunchScreen.storyboard */; };
		30AC3FBC2924912B005853A8 /* TabbarViewController.swift in Sources */ = {isa = PBXBuildFile; fileRef = 30AC3FBB2924912B005853A8 /* TabbarViewController.swift */; };
		30AC3FBE292491AD005853A8 /* OneViewController.swift in Sources */ = {isa = PBXBuildFile; fileRef = 30AC3FBD292491AD005853A8 /* OneViewController.swift */; };
		30AC3FC0292491DE005853A8 /* TwoViewController.swift in Sources */ = {isa = PBXBuildFile; fileRef = 30AC3FBF292491DE005853A8 /* TwoViewController.swift */; };
		30AC3FC22924920B005853A8 /* ThreeViewController.swift in Sources */ = {isa = PBXBuildFile; fileRef = 30AC3FC12924920B005853A8 /* ThreeViewController.swift */; };
		30AC3FC42924922A005853A8 /* FourViewController.swift in Sources */ = {isa = PBXBuildFile; fileRef = 30AC3FC32924922A005853A8 /* FourViewController.swift */; };
		30AC3FC62924931E005853A8 /* FiveViewController.swift in Sources */ = {isa = PBXBuildFile; fileRef = 30AC3FC52924931E005853A8 /* FiveViewController.swift */; };
		30AC3FC82924A281005853A8 /* MapView.swift in Sources */ = {isa = PBXBuildFile; fileRef = 30AC3FC72924A281005853A8 /* MapView.swift */; };
		30AC3FCA2924A4CE005853A8 /* Shadow.swift in Sources */ = {isa = PBXBuildFile; fileRef = 30AC3FC92924A4CE005853A8 /* Shadow.swift */; };
		30AC3FCC2924AAA0005853A8 /* Artwork.swift in Sources */ = {isa = PBXBuildFile; fileRef = 30AC3FCB2924AAA0005853A8 /* Artwork.swift */; };
		30DE7DCB2925E26A00AC2450 /* Public Art.geojson in Resources */ = {isa = PBXBuildFile; fileRef = 30DE7DCA2925E26A00AC2450 /* Public Art.geojson */; };
		30DE7DCD2925E84600AC2450 /* ArtWorkViews.swift in Sources */ = {isa = PBXBuildFile; fileRef = 30DE7DCC2925E84600AC2450 /* ArtWorkViews.swift */; };
		30DE7DCF2925F3D200AC2450 /* ArtworkView.swift in Sources */ = {isa = PBXBuildFile; fileRef = 30DE7DCE2925F3D200AC2450 /* ArtworkView.swift */; };
		30DE7DD329260C9F00AC2450 /* MapPullUpController.swift in Sources */ = {isa = PBXBuildFile; fileRef = 30DE7DD229260C9F00AC2450 /* MapPullUpController.swift */; };
		30DE7DD829261EC000AC2450 /* CameraViewController.swift in Sources */ = {isa = PBXBuildFile; fileRef = 30DE7DD729261EC000AC2450 /* CameraViewController.swift */; };
		30DE7DE2292677DA00AC2450 /* Beer.swift in Sources */ = {isa = PBXBuildFile; fileRef = 30DE7DE1292677DA00AC2450 /* Beer.swift */; };
		30DE7DE429268C2D00AC2450 /* BeerListCell.swift in Sources */ = {isa = PBXBuildFile; fileRef = 30DE7DE329268C2D00AC2450 /* BeerListCell.swift */; };
		30DE7DE62926917300AC2450 /* BeerDetailViewController.swift in Sources */ = {isa = PBXBuildFile; fileRef = 30DE7DE52926917300AC2450 /* BeerDetailViewController.swift */; };
		30DE7DE82926B7D900AC2450 /* MapDetailViewCell.swift in Sources */ = {isa = PBXBuildFile; fileRef = 30DE7DE72926B7D900AC2450 /* MapDetailViewCell.swift */; };
		30F8CEE8292A7D4900B7CBD4 /* Pods_JaeHunApp.framework in Frameworks */ = {isa = PBXBuildFile; fileRef = E518517624300F9480D137BF /* Pods_JaeHunApp.framework */; };
		30F8CEE9292A7D4900B7CBD4 /* Pods_JaeHunApp.framework in Embed Frameworks */ = {isa = PBXBuildFile; fileRef = E518517624300F9480D137BF /* Pods_JaeHunApp.framework */; settings = {ATTRIBUTES = (CodeSignOnCopy, RemoveHeadersOnCopy, ); }; };
		30F8CEFF292A8EFE00B7CBD4 /* scaning.json in Resources */ = {isa = PBXBuildFile; fileRef = 30F8CEFE292A8EFD00B7CBD4 /* scaning.json */; };
/* End PBXBuildFile section */

/* Begin PBXCopyFilesBuildPhase section */
		30F8CEEA292A7D4A00B7CBD4 /* Embed Frameworks */ = {
			isa = PBXCopyFilesBuildPhase;
			buildActionMask = 2147483647;
			dstPath = "";
			dstSubfolderSpec = 10;
			files = (
				30F8CEE9292A7D4900B7CBD4 /* Pods_JaeHunApp.framework in Embed Frameworks */,
			);
			name = "Embed Frameworks";
			runOnlyForDeploymentPostprocessing = 0;
		};
/* End PBXCopyFilesBuildPhase section */

/* Begin PBXFileReference section */
		30AC3F9D29248371005853A8 /* JaeHunApp.app */ = {isa = PBXFileReference; explicitFileType = wrapper.application; includeInIndex = 0; path = JaeHunApp.app; sourceTree = BUILT_PRODUCTS_DIR; };
		30AC3FA029248371005853A8 /* AppDelegate.swift */ = {isa = PBXFileReference; lastKnownFileType = sourcecode.swift; path = AppDelegate.swift; sourceTree = "<group>"; };
		30AC3FA229248371005853A8 /* SceneDelegate.swift */ = {isa = PBXFileReference; lastKnownFileType = sourcecode.swift; path = SceneDelegate.swift; sourceTree = "<group>"; };
		30AC3FA429248371005853A8 /* ViewController.swift */ = {isa = PBXFileReference; lastKnownFileType = sourcecode.swift; path = ViewController.swift; sourceTree = "<group>"; };
		30AC3FAA29248371005853A8 /* JaeHunApp.xcdatamodel */ = {isa = PBXFileReference; lastKnownFileType = wrapper.xcdatamodel; path = JaeHunApp.xcdatamodel; sourceTree = "<group>"; };
		30AC3FAC29248372005853A8 /* Assets.xcassets */ = {isa = PBXFileReference; lastKnownFileType = folder.assetcatalog; path = Assets.xcassets; sourceTree = "<group>"; };
		30AC3FAF29248372005853A8 /* Base */ = {isa = PBXFileReference; lastKnownFileType = file.storyboard; name = Base; path = Base.lproj/LaunchScreen.storyboard; sourceTree = "<group>"; };
		30AC3FB129248372005853A8 /* Info.plist */ = {isa = PBXFileReference; lastKnownFileType = text.plist.xml; path = Info.plist; sourceTree = "<group>"; };
		30AC3FBB2924912B005853A8 /* TabbarViewController.swift */ = {isa = PBXFileReference; lastKnownFileType = sourcecode.swift; path = TabbarViewController.swift; sourceTree = "<group>"; };
		30AC3FBD292491AD005853A8 /* OneViewController.swift */ = {isa = PBXFileReference; lastKnownFileType = sourcecode.swift; path = OneViewController.swift; sourceTree = "<group>"; };
		30AC3FBF292491DE005853A8 /* TwoViewController.swift */ = {isa = PBXFileReference; lastKnownFileType = sourcecode.swift; path = TwoViewController.swift; sourceTree = "<group>"; };
		30AC3FC12924920B005853A8 /* ThreeViewController.swift */ = {isa = PBXFileReference; lastKnownFileType = sourcecode.swift; path = ThreeViewController.swift; sourceTree = "<group>"; };
		30AC3FC32924922A005853A8 /* FourViewController.swift */ = {isa = PBXFileReference; lastKnownFileType = sourcecode.swift; path = FourViewController.swift; sourceTree = "<group>"; };
		30AC3FC52924931E005853A8 /* FiveViewController.swift */ = {isa = PBXFileReference; lastKnownFileType = sourcecode.swift; path = FiveViewController.swift; sourceTree = "<group>"; };
		30AC3FC72924A281005853A8 /* MapView.swift */ = {isa = PBXFileReference; lastKnownFileType = sourcecode.swift; path = MapView.swift; sourceTree = "<group>"; };
		30AC3FC92924A4CE005853A8 /* Shadow.swift */ = {isa = PBXFileReference; lastKnownFileType = sourcecode.swift; path = Shadow.swift; sourceTree = "<group>"; };
		30AC3FCB2924AAA0005853A8 /* Artwork.swift */ = {isa = PBXFileReference; lastKnownFileType = sourcecode.swift; path = Artwork.swift; sourceTree = "<group>"; };
		30DE7DCA2925E26A00AC2450 /* Public Art.geojson */ = {isa = PBXFileReference; fileEncoding = 4; lastKnownFileType = text; path = "Public Art.geojson"; sourceTree = "<group>"; };
		30DE7DCC2925E84600AC2450 /* ArtWorkViews.swift */ = {isa = PBXFileReference; lastKnownFileType = sourcecode.swift; path = ArtWorkViews.swift; sourceTree = "<group>"; };
		30DE7DCE2925F3D200AC2450 /* ArtworkView.swift */ = {isa = PBXFileReference; lastKnownFileType = sourcecode.swift; path = ArtworkView.swift; sourceTree = "<group>"; };
		30DE7DD229260C9F00AC2450 /* MapPullUpController.swift */ = {isa = PBXFileReference; lastKnownFileType = sourcecode.swift; path = MapPullUpController.swift; sourceTree = "<group>"; };
		30DE7DD729261EC000AC2450 /* CameraViewController.swift */ = {isa = PBXFileReference; lastKnownFileType = sourcecode.swift; path = CameraViewController.swift; sourceTree = "<group>"; };
		30DE7DE1292677DA00AC2450 /* Beer.swift */ = {isa = PBXFileReference; lastKnownFileType = sourcecode.swift; path = Beer.swift; sourceTree = "<group>"; };
		30DE7DE329268C2D00AC2450 /* BeerListCell.swift */ = {isa = PBXFileReference; lastKnownFileType = sourcecode.swift; path = BeerListCell.swift; sourceTree = "<group>"; };
		30DE7DE52926917300AC2450 /* BeerDetailViewController.swift */ = {isa = PBXFileReference; lastKnownFileType = sourcecode.swift; path = BeerDetailViewController.swift; sourceTree = "<group>"; };
		30DE7DE72926B7D900AC2450 /* MapDetailViewCell.swift */ = {isa = PBXFileReference; lastKnownFileType = sourcecode.swift; path = MapDetailViewCell.swift; sourceTree = "<group>"; };
		30F8CEFE292A8EFD00B7CBD4 /* scaning.json */ = {isa = PBXFileReference; fileEncoding = 4; lastKnownFileType = text.json; path = scaning.json; sourceTree = "<group>"; };
		8F5FFD6C3B22CC199F7A6B4B /* Pods-JaeHunApp.release.xcconfig */ = {isa = PBXFileReference; includeInIndex = 1; lastKnownFileType = text.xcconfig; name = "Pods-JaeHunApp.release.xcconfig"; path = "Target Support Files/Pods-JaeHunApp/Pods-JaeHunApp.release.xcconfig"; sourceTree = "<group>"; };
		9DB724DF128DECB7967B0A06 /* Pods-JaeHunApp.debug.xcconfig */ = {isa = PBXFileReference; includeInIndex = 1; lastKnownFileType = text.xcconfig; name = "Pods-JaeHunApp.debug.xcconfig"; path = "Target Support Files/Pods-JaeHunApp/Pods-JaeHunApp.debug.xcconfig"; sourceTree = "<group>"; };
		E518517624300F9480D137BF /* Pods_JaeHunApp.framework */ = {isa = PBXFileReference; explicitFileType = wrapper.framework; includeInIndex = 0; path = Pods_JaeHunApp.framework; sourceTree = BUILT_PRODUCTS_DIR; };
/* End PBXFileReference section */

/* Begin PBXFrameworksBuildPhase section */
		30AC3F9A29248371005853A8 /* Frameworks */ = {
			isa = PBXFrameworksBuildPhase;
			buildActionMask = 2147483647;
			files = (
				30F8CEE8292A7D4900B7CBD4 /* Pods_JaeHunApp.framework in Frameworks */,
			);
			runOnlyForDeploymentPostprocessing = 0;
		};
/* End PBXFrameworksBuildPhase section */

/* Begin PBXGroup section */
		30AC3F9429248371005853A8 = {
			isa = PBXGroup;
			children = (
				30AC3F9F29248371005853A8 /* JaeHunApp */,
				30AC3F9E29248371005853A8 /* Products */,
				F4BAF9B1E0896D915B87979E /* Pods */,
				6795D96DE5AB46C2DB0E2B85 /* Frameworks */,
			);
			sourceTree = "<group>";
		};
		30AC3F9E29248371005853A8 /* Products */ = {
			isa = PBXGroup;
			children = (
				30AC3F9D29248371005853A8 /* JaeHunApp.app */,
			);
			name = Products;
			sourceTree = "<group>";
		};
		30AC3F9F29248371005853A8 /* JaeHunApp */ = {
			isa = PBXGroup;
			children = (
				30AC3FB729248429005853A8 /* ViewController */,
				30AC3FB829248438005853A8 /* View */,
				30AC3FB929248458005853A8 /* Model */,
				30AC3FBA29248471005853A8 /* ViewModel */,
				30AC3FA029248371005853A8 /* AppDelegate.swift */,
				30AC3FA229248371005853A8 /* SceneDelegate.swift */,
				30F8CEFE292A8EFD00B7CBD4 /* scaning.json */,
				30AC3FAC29248372005853A8 /* Assets.xcassets */,
				30AC3FAE29248372005853A8 /* LaunchScreen.storyboard */,
				30AC3FB129248372005853A8 /* Info.plist */,
			);
			path = JaeHunApp;
			sourceTree = "<group>";
		};
		30AC3FB729248429005853A8 /* ViewController */ = {
			isa = PBXGroup;
			children = (
				30AC3FA429248371005853A8 /* ViewController.swift */,
				30AC3FBB2924912B005853A8 /* TabbarViewController.swift */,
				30DE7DD529261CE000AC2450 /* tabbarSectionViewController */,
			);
			path = ViewController;
			sourceTree = "<group>";
		};
		30AC3FB829248438005853A8 /* View */ = {
			isa = PBXGroup;
			children = (
				30AC3FC72924A281005853A8 /* MapView.swift */,
				30AC3FC92924A4CE005853A8 /* Shadow.swift */,
				30DE7DCC2925E84600AC2450 /* ArtWorkViews.swift */,
				30DE7DCE2925F3D200AC2450 /* ArtworkView.swift */,
			);
			path = View;
			sourceTree = "<group>";
		};
		30AC3FB929248458005853A8 /* Model */ = {
			isa = PBXGroup;
			children = (
				30DE7DE0292677BB00AC2450 /* BeerModel */,
				30DE7DDF292677A400AC2450 /* MapModel */,
				30AC3FA929248371005853A8 /* JaeHunApp.xcdatamodeld */,
			);
			path = Model;
			sourceTree = "<group>";
		};
		30AC3FBA29248471005853A8 /* ViewModel */ = {
			isa = PBXGroup;
			children = (
			);
			path = ViewModel;
			sourceTree = "<group>";
		};
		30DE7DD429261CC800AC2450 /* MapController */ = {
			isa = PBXGroup;
			children = (
				30AC3FBD292491AD005853A8 /* OneViewController.swift */,
				30DE7DD229260C9F00AC2450 /* MapPullUpController.swift */,
				30DE7DE72926B7D900AC2450 /* MapDetailViewCell.swift */,
			);
			path = MapController;
			sourceTree = "<group>";
		};
		30DE7DD529261CE000AC2450 /* tabbarSectionViewController */ = {
			isa = PBXGroup;
			children = (
				30DE7DD629261D1400AC2450 /* Camera */,
				30DE7DD429261CC800AC2450 /* MapController */,
				30AC3FC12924920B005853A8 /* ThreeViewController.swift */,
				30DE7DE52926917300AC2450 /* BeerDetailViewController.swift */,
				30DE7DE329268C2D00AC2450 /* BeerListCell.swift */,
				30AC3FC32924922A005853A8 /* FourViewController.swift */,
				30AC3FC52924931E005853A8 /* FiveViewController.swift */,
			);
			path = tabbarSectionViewController;
			sourceTree = "<group>";
		};
		30DE7DD629261D1400AC2450 /* Camera */ = {
			isa = PBXGroup;
			children = (
				30AC3FBF292491DE005853A8 /* TwoViewController.swift */,
				30DE7DD729261EC000AC2450 /* CameraViewController.swift */,
			);
			path = Camera;
			sourceTree = "<group>";
		};
		30DE7DDF292677A400AC2450 /* MapModel */ = {
			isa = PBXGroup;
			children = (
				30AC3FCB2924AAA0005853A8 /* Artwork.swift */,
				30DE7DCA2925E26A00AC2450 /* Public Art.geojson */,
			);
			path = MapModel;
			sourceTree = "<group>";
		};
		30DE7DE0292677BB00AC2450 /* BeerModel */ = {
			isa = PBXGroup;
			children = (
				30DE7DE1292677DA00AC2450 /* Beer.swift */,
			);
			path = BeerModel;
			sourceTree = "<group>";
		};
		6795D96DE5AB46C2DB0E2B85 /* Frameworks */ = {
			isa = PBXGroup;
			children = (
				E518517624300F9480D137BF /* Pods_JaeHunApp.framework */,
			);
			name = Frameworks;
			sourceTree = "<group>";
		};
		F4BAF9B1E0896D915B87979E /* Pods */ = {
			isa = PBXGroup;
			children = (
				9DB724DF128DECB7967B0A06 /* Pods-JaeHunApp.debug.xcconfig */,
				8F5FFD6C3B22CC199F7A6B4B /* Pods-JaeHunApp.release.xcconfig */,
			);
			path = Pods;
			sourceTree = "<group>";
		};
/* End PBXGroup section */

/* Begin PBXNativeTarget section */
		30AC3F9C29248371005853A8 /* JaeHunApp */ = {
			isa = PBXNativeTarget;
			buildConfigurationList = 30AC3FB429248372005853A8 /* Build configuration list for PBXNativeTarget "JaeHunApp" */;
			buildPhases = (
				587557D2EC2D3F183581C019 /* [CP] Check Pods Manifest.lock */,
				30AC3F9929248371005853A8 /* Sources */,
				30AC3F9A29248371005853A8 /* Frameworks */,
				30AC3F9B29248371005853A8 /* Resources */,
				240306E2639B6021509C2156 /* [CP] Embed Pods Frameworks */,
				30F8CEEA292A7D4A00B7CBD4 /* Embed Frameworks */,
			);
			buildRules = (
			);
			dependencies = (
			);
			name = JaeHunApp;
			packageProductDependencies = (
			);
			productName = JaeHunApp;
			productReference = 30AC3F9D29248371005853A8 /* JaeHunApp.app */;
			productType = "com.apple.product-type.application";
		};
/* End PBXNativeTarget section */

/* Begin PBXProject section */
		30AC3F9529248371005853A8 /* Project object */ = {
			isa = PBXProject;
			attributes = {
				BuildIndependentTargetsInParallel = 1;
				LastSwiftUpdateCheck = 1410;
				LastUpgradeCheck = 1410;
				TargetAttributes = {
					30AC3F9C29248371005853A8 = {
						CreatedOnToolsVersion = 14.1;
					};
				};
			};
			buildConfigurationList = 30AC3F9829248371005853A8 /* Build configuration list for PBXProject "JaeHunApp" */;
			compatibilityVersion = "Xcode 13.0";
			developmentRegion = en;
			hasScannedForEncodings = 0;
			knownRegions = (
				en,
				Base,
			);
			mainGroup = 30AC3F9429248371005853A8;
			packageReferences = (
			);
			productRefGroup = 30AC3F9E29248371005853A8 /* Products */;
			projectDirPath = "";
			projectRoot = "";
			targets = (
				30AC3F9C29248371005853A8 /* JaeHunApp */,
			);
		};
/* End PBXProject section */

/* Begin PBXResourcesBuildPhase section */
		30AC3F9B29248371005853A8 /* Resources */ = {
			isa = PBXResourcesBuildPhase;
			buildActionMask = 2147483647;
			files = (
				30AC3FB029248372005853A8 /* LaunchScreen.storyboard in Resources */,
				30AC3FAD29248372005853A8 /* Assets.xcassets in Resources */,
				30DE7DCB2925E26A00AC2450 /* Public Art.geojson in Resources */,
				30F8CEFF292A8EFE00B7CBD4 /* scaning.json in Resources */,
			);
			runOnlyForDeploymentPostprocessing = 0;
		};
/* End PBXResourcesBuildPhase section */

/* Begin PBXShellScriptBuildPhase section */
		240306E2639B6021509C2156 /* [CP] Embed Pods Frameworks */ = {
			isa = PBXShellScriptBuildPhase;
			buildActionMask = 2147483647;
			files = (
			);
			inputFileListPaths = (
				"${PODS_ROOT}/Target Support Files/Pods-JaeHunApp/Pods-JaeHunApp-frameworks-${CONFIGURATION}-input-files.xcfilelist",
			);
			name = "[CP] Embed Pods Frameworks";
			outputFileListPaths = (
				"${PODS_ROOT}/Target Support Files/Pods-JaeHunApp/Pods-JaeHunApp-frameworks-${CONFIGURATION}-output-files.xcfilelist",
			);
			runOnlyForDeploymentPostprocessing = 0;
			shellPath = /bin/sh;
			shellScript = "\"${PODS_ROOT}/Target Support Files/Pods-JaeHunApp/Pods-JaeHunApp-frameworks.sh\"\n";
			showEnvVarsInLog = 0;
		};
		587557D2EC2D3F183581C019 /* [CP] Check Pods Manifest.lock */ = {
			isa = PBXShellScriptBuildPhase;
			buildActionMask = 2147483647;
			files = (
			);
			inputFileListPaths = (
			);
			inputPaths = (
				"${PODS_PODFILE_DIR_PATH}/Podfile.lock",
				"${PODS_ROOT}/Manifest.lock",
			);
			name = "[CP] Check Pods Manifest.lock";
			outputFileListPaths = (
			);
			outputPaths = (
				"$(DERIVED_FILE_DIR)/Pods-JaeHunApp-checkManifestLockResult.txt",
			);
			runOnlyForDeploymentPostprocessing = 0;
			shellPath = /bin/sh;
			shellScript = "diff \"${PODS_PODFILE_DIR_PATH}/Podfile.lock\" \"${PODS_ROOT}/Manifest.lock\" > /dev/null\nif [ $? != 0 ] ; then\n    # print error to STDERR\n    echo \"error: The sandbox is not in sync with the Podfile.lock. Run 'pod install' or update your CocoaPods installation.\" >&2\n    exit 1\nfi\n# This output is used by Xcode 'outputs' to avoid re-running this script phase.\necho \"SUCCESS\" > \"${SCRIPT_OUTPUT_FILE_0}\"\n";
			showEnvVarsInLog = 0;
		};
/* End PBXShellScriptBuildPhase section */

/* Begin PBXSourcesBuildPhase section */
		30AC3F9929248371005853A8 /* Sources */ = {
			isa = PBXSourcesBuildPhase;
			buildActionMask = 2147483647;
			files = (
				30AC3FC62924931E005853A8 /* FiveViewController.swift in Sources */,
				30DE7DE2292677DA00AC2450 /* Beer.swift in Sources */,
				30AC3FA529248371005853A8 /* ViewController.swift in Sources */,
				30AC3FA129248371005853A8 /* AppDelegate.swift in Sources */,
				30DE7DE429268C2D00AC2450 /* BeerListCell.swift in Sources */,
				30DE7DE62926917300AC2450 /* BeerDetailViewController.swift in Sources */,
				30DE7DD829261EC000AC2450 /* CameraViewController.swift in Sources */,
				30DE7DCD2925E84600AC2450 /* ArtWorkViews.swift in Sources */,
				30AC3FC82924A281005853A8 /* MapView.swift in Sources */,
				30DE7DD329260C9F00AC2450 /* MapPullUpController.swift in Sources */,
				30AC3FAB29248371005853A8 /* JaeHunApp.xcdatamodeld in Sources */,
				30DE7DCF2925F3D200AC2450 /* ArtworkView.swift in Sources */,
				30AC3FC22924920B005853A8 /* ThreeViewController.swift in Sources */,
				30AC3FBE292491AD005853A8 /* OneViewController.swift in Sources */,
				30AC3FCC2924AAA0005853A8 /* Artwork.swift in Sources */,
				30AC3FC0292491DE005853A8 /* TwoViewController.swift in Sources */,
				30AC3FBC2924912B005853A8 /* TabbarViewController.swift in Sources */,
				30AC3FCA2924A4CE005853A8 /* Shadow.swift in Sources */,
				30DE7DE82926B7D900AC2450 /* MapDetailViewCell.swift in Sources */,
				30AC3FA329248371005853A8 /* SceneDelegate.swift in Sources */,
				30AC3FC42924922A005853A8 /* FourViewController.swift in Sources */,
			);
			runOnlyForDeploymentPostprocessing = 0;
		};
/* End PBXSourcesBuildPhase section */

/* Begin PBXVariantGroup section */
		30AC3FAE29248372005853A8 /* LaunchScreen.storyboard */ = {
			isa = PBXVariantGroup;
			children = (
				30AC3FAF29248372005853A8 /* Base */,
			);
			name = LaunchScreen.storyboard;
			sourceTree = "<group>";
		};
/* End PBXVariantGroup section */

/* Begin XCBuildConfiguration section */
		30AC3FB229248372005853A8 /* Debug */ = {
			isa = XCBuildConfiguration;
			buildSettings = {
				ALWAYS_SEARCH_USER_PATHS = NO;
				CLANG_ANALYZER_NONNULL = YES;
				CLANG_ANALYZER_NUMBER_OBJECT_CONVERSION = YES_AGGRESSIVE;
				CLANG_CXX_LANGUAGE_STANDARD = "gnu++20";
				CLANG_ENABLE_MODULES = YES;
				CLANG_ENABLE_OBJC_ARC = YES;
				CLANG_ENABLE_OBJC_WEAK = YES;
				CLANG_WARN_BLOCK_CAPTURE_AUTORELEASING = YES;
				CLANG_WARN_BOOL_CONVERSION = YES;
				CLANG_WARN_COMMA = YES;
				CLANG_WARN_CONSTANT_CONVERSION = YES;
				CLANG_WARN_DEPRECATED_OBJC_IMPLEMENTATIONS = YES;
				CLANG_WARN_DIRECT_OBJC_ISA_USAGE = YES_ERROR;
				CLANG_WARN_DOCUMENTATION_COMMENTS = YES;
				CLANG_WARN_EMPTY_BODY = YES;
				CLANG_WARN_ENUM_CONVERSION = YES;
				CLANG_WARN_INFINITE_RECURSION = YES;
				CLANG_WARN_INT_CONVERSION = YES;
				CLANG_WARN_NON_LITERAL_NULL_CONVERSION = YES;
				CLANG_WARN_OBJC_IMPLICIT_RETAIN_SELF = YES;
				CLANG_WARN_OBJC_LITERAL_CONVERSION = YES;
				CLANG_WARN_OBJC_ROOT_CLASS = YES_ERROR;
				CLANG_WARN_QUOTED_INCLUDE_IN_FRAMEWORK_HEADER = YES;
				CLANG_WARN_RANGE_LOOP_ANALYSIS = YES;
				CLANG_WARN_STRICT_PROTOTYPES = YES;
				CLANG_WARN_SUSPICIOUS_MOVE = YES;
				CLANG_WARN_UNGUARDED_AVAILABILITY = YES_AGGRESSIVE;
				CLANG_WARN_UNREACHABLE_CODE = YES;
				CLANG_WARN__DUPLICATE_METHOD_MATCH = YES;
				COPY_PHASE_STRIP = NO;
				DEBUG_INFORMATION_FORMAT = dwarf;
				ENABLE_STRICT_OBJC_MSGSEND = YES;
				ENABLE_TESTABILITY = YES;
				GCC_C_LANGUAGE_STANDARD = gnu11;
				GCC_DYNAMIC_NO_PIC = NO;
				GCC_NO_COMMON_BLOCKS = YES;
				GCC_OPTIMIZATION_LEVEL = 0;
				GCC_PREPROCESSOR_DEFINITIONS = (
					"DEBUG=1",
					"$(inherited)",
				);
				GCC_WARN_64_TO_32_BIT_CONVERSION = YES;
				GCC_WARN_ABOUT_RETURN_TYPE = YES_ERROR;
				GCC_WARN_UNDECLARED_SELECTOR = YES;
				GCC_WARN_UNINITIALIZED_AUTOS = YES_AGGRESSIVE;
				GCC_WARN_UNUSED_FUNCTION = YES;
				GCC_WARN_UNUSED_VARIABLE = YES;
				IPHONEOS_DEPLOYMENT_TARGET = 16.1;
				MTL_ENABLE_DEBUG_INFO = INCLUDE_SOURCE;
				MTL_FAST_MATH = YES;
				ONLY_ACTIVE_ARCH = YES;
				SDKROOT = iphoneos;
				SWIFT_ACTIVE_COMPILATION_CONDITIONS = DEBUG;
				SWIFT_OPTIMIZATION_LEVEL = "-Onone";
			};
			name = Debug;
		};
		30AC3FB329248372005853A8 /* Release */ = {
			isa = XCBuildConfiguration;
			buildSettings = {
				ALWAYS_SEARCH_USER_PATHS = NO;
				CLANG_ANALYZER_NONNULL = YES;
				CLANG_ANALYZER_NUMBER_OBJECT_CONVERSION = YES_AGGRESSIVE;
				CLANG_CXX_LANGUAGE_STANDARD = "gnu++20";
				CLANG_ENABLE_MODULES = YES;
				CLANG_ENABLE_OBJC_ARC = YES;
				CLANG_ENABLE_OBJC_WEAK = YES;
				CLANG_WARN_BLOCK_CAPTURE_AUTORELEASING = YES;
				CLANG_WARN_BOOL_CONVERSION = YES;
				CLANG_WARN_COMMA = YES;
				CLANG_WARN_CONSTANT_CONVERSION = YES;
				CLANG_WARN_DEPRECATED_OBJC_IMPLEMENTATIONS = YES;
				CLANG_WARN_DIRECT_OBJC_ISA_USAGE = YES_ERROR;
				CLANG_WARN_DOCUMENTATION_COMMENTS = YES;
				CLANG_WARN_EMPTY_BODY = YES;
				CLANG_WARN_ENUM_CONVERSION = YES;
				CLANG_WARN_INFINITE_RECURSION = YES;
				CLANG_WARN_INT_CONVERSION = YES;
				CLANG_WARN_NON_LITERAL_NULL_CONVERSION = YES;
				CLANG_WARN_OBJC_IMPLICIT_RETAIN_SELF = YES;
				CLANG_WARN_OBJC_LITERAL_CONVERSION = YES;
				CLANG_WARN_OBJC_ROOT_CLASS = YES_ERROR;
				CLANG_WARN_QUOTED_INCLUDE_IN_FRAMEWORK_HEADER = YES;
				CLANG_WARN_RANGE_LOOP_ANALYSIS = YES;
				CLANG_WARN_STRICT_PROTOTYPES = YES;
				CLANG_WARN_SUSPICIOUS_MOVE = YES;
				CLANG_WARN_UNGUARDED_AVAILABILITY = YES_AGGRESSIVE;
				CLANG_WARN_UNREACHABLE_CODE = YES;
				CLANG_WARN__DUPLICATE_METHOD_MATCH = YES;
				COPY_PHASE_STRIP = NO;
				DEBUG_INFORMATION_FORMAT = "dwarf-with-dsym";
				ENABLE_NS_ASSERTIONS = NO;
				ENABLE_STRICT_OBJC_MSGSEND = YES;
				GCC_C_LANGUAGE_STANDARD = gnu11;
				GCC_NO_COMMON_BLOCKS = YES;
				GCC_WARN_64_TO_32_BIT_CONVERSION = YES;
				GCC_WARN_ABOUT_RETURN_TYPE = YES_ERROR;
				GCC_WARN_UNDECLARED_SELECTOR = YES;
				GCC_WARN_UNINITIALIZED_AUTOS = YES_AGGRESSIVE;
				GCC_WARN_UNUSED_FUNCTION = YES;
				GCC_WARN_UNUSED_VARIABLE = YES;
				IPHONEOS_DEPLOYMENT_TARGET = 16.1;
				MTL_ENABLE_DEBUG_INFO = NO;
				MTL_FAST_MATH = YES;
				SDKROOT = iphoneos;
				SWIFT_COMPILATION_MODE = wholemodule;
				SWIFT_OPTIMIZATION_LEVEL = "-O";
				VALIDATE_PRODUCT = YES;
			};
			name = Release;
		};
		30AC3FB529248372005853A8 /* Debug */ = {
			isa = XCBuildConfiguration;
			baseConfigurationReference = 9DB724DF128DECB7967B0A06 /* Pods-JaeHunApp.debug.xcconfig */;
			buildSettings = {
				ASSETCATALOG_COMPILER_APPICON_NAME = AppIcon;
				ASSETCATALOG_COMPILER_GLOBAL_ACCENT_COLOR_NAME = AccentColor;
				CODE_SIGN_STYLE = Automatic;
				CURRENT_PROJECT_VERSION = 1;
				DEVELOPMENT_TEAM = 9Y3C29YBST;
				GENERATE_INFOPLIST_FILE = YES;
				INFOPLIST_FILE = JaeHunApp/Info.plist;
				INFOPLIST_KEY_LSApplicationCategoryType = "public.app-category.navigation";
				INFOPLIST_KEY_NSCameraUsageDescription = "사용자의 카메라를 이용하려 합니다.";
				INFOPLIST_KEY_NSLocationAlwaysAndWhenInUseUsageDescription = "사용자의 위치를 받아오려고 합니다.";
				INFOPLIST_KEY_NSLocationAlwaysUsageDescription = "사용자의 위치를 받아오려고 합니다.";
				INFOPLIST_KEY_UIApplicationSupportsIndirectInputEvents = YES;
				INFOPLIST_KEY_UILaunchStoryboardName = LaunchScreen;
				INFOPLIST_KEY_UIRequiresFullScreen = YES;
				INFOPLIST_KEY_UISupportedInterfaceOrientations = UIInterfaceOrientationPortrait;
				INFOPLIST_KEY_UIUserInterfaceStyle = Light;
				IPHONEOS_DEPLOYMENT_TARGET = 14.5;
				LD_RUNPATH_SEARCH_PATHS = (
					"$(inherited)",
					"@executable_path/Frameworks",
				);
				MARKETING_VERSION = 1.0;
				PRODUCT_BUNDLE_IDENTIFIER = "-23.JaeHunApp";
				PRODUCT_NAME = "$(TARGET_NAME)";
				SWIFT_EMIT_LOC_STRINGS = YES;
				SWIFT_VERSION = 5.0;
				TARGETED_DEVICE_FAMILY = "1,2";
			};
			name = Debug;
		};
		30AC3FB629248372005853A8 /* Release */ = {
			isa = XCBuildConfiguration;
			baseConfigurationReference = 8F5FFD6C3B22CC199F7A6B4B /* Pods-JaeHunApp.release.xcconfig */;
			buildSettings = {
				ASSETCATALOG_COMPILER_APPICON_NAME = AppIcon;
				ASSETCATALOG_COMPILER_GLOBAL_ACCENT_COLOR_NAME = AccentColor;
				CODE_SIGN_STYLE = Automatic;
				CURRENT_PROJECT_VERSION = 1;
				DEVELOPMENT_TEAM = 9Y3C29YBST;
				GENERATE_INFOPLIST_FILE = YES;
				INFOPLIST_FILE = JaeHunApp/Info.plist;
				INFOPLIST_KEY_LSApplicationCategoryType = "public.app-category.navigation";
				INFOPLIST_KEY_NSCameraUsageDescription = "사용자의 카메라를 이용하려 합니다.";
				INFOPLIST_KEY_NSLocationAlwaysAndWhenInUseUsageDescription = "사용자의 위치를 받아오려고 합니다.";
				INFOPLIST_KEY_NSLocationAlwaysUsageDescription = "사용자의 위치를 받아오려고 합니다.";
				INFOPLIST_KEY_UIApplicationSupportsIndirectInputEvents = YES;
				INFOPLIST_KEY_UILaunchStoryboardName = LaunchScreen;
				INFOPLIST_KEY_UIRequiresFullScreen = YES;
				INFOPLIST_KEY_UISupportedInterfaceOrientations = UIInterfaceOrientationPortrait;
				INFOPLIST_KEY_UIUserInterfaceStyle = Light;
				IPHONEOS_DEPLOYMENT_TARGET = 14.5;
				LD_RUNPATH_SEARCH_PATHS = (
					"$(inherited)",
					"@executable_path/Frameworks",
				);
				MARKETING_VERSION = 1.0;
				PRODUCT_BUNDLE_IDENTIFIER = "-23.JaeHunApp";
				PRODUCT_NAME = "$(TARGET_NAME)";
				SWIFT_EMIT_LOC_STRINGS = YES;
				SWIFT_VERSION = 5.0;
				TARGETED_DEVICE_FAMILY = "1,2";
			};
			name = Release;
		};
/* End XCBuildConfiguration section */

/* Begin XCConfigurationList section */
		30AC3F9829248371005853A8 /* Build configuration list for PBXProject "JaeHunApp" */ = {
			isa = XCConfigurationList;
			buildConfigurations = (
				30AC3FB229248372005853A8 /* Debug */,
				30AC3FB329248372005853A8 /* Release */,
			);
			defaultConfigurationIsVisible = 0;
			defaultConfigurationName = Release;
		};
		30AC3FB429248372005853A8 /* Build configuration list for PBXNativeTarget "JaeHunApp" */ = {
			isa = XCConfigurationList;
			buildConfigurations = (
				30AC3FB529248372005853A8 /* Debug */,
				30AC3FB629248372005853A8 /* Release */,
			);
			defaultConfigurationIsVisible = 0;
			defaultConfigurationName = Release;
		};
/* End XCConfigurationList section */

/* Begin XCVersionGroup section */
		30AC3FA929248371005853A8 /* JaeHunApp.xcdatamodeld */ = {
			isa = XCVersionGroup;
			children = (
				30AC3FAA29248371005853A8 /* JaeHunApp.xcdatamodel */,
			);
			currentVersion = 30AC3FAA29248371005853A8 /* JaeHunApp.xcdatamodel */;
			path = JaeHunApp.xcdatamodeld;
			sourceTree = "<group>";
			versionGroupType = wrapper.xcdatamodel;
		};
/* End XCVersionGroup section */
	};
	rootObject = 30AC3F9529248371005853A8 /* Project object */;
}
