PODS:
  - SnapKit (5.6.0)
  - SOPullUpView (1.1.0)

DEPENDENCIES:
  - SnapKit (~> 5.6.0)
  - SOPullUpView

SPEC REPOS:
  trunk:
    - SnapKit
    - SOPullUpView

SPEC CHECKSUMS:
  SnapKit: e01d52ebb8ddbc333eefe2132acf85c8227d9c25
  SOPullUpView: a18cab4bdce7cc07c227e705cc4270e0a36ca2fa

PODFILE CHECKSUM: 5e7c15fc7e621b95e7fd121d3553f36dd378674c

COCOAPODS: 1.11.3
